<?xml version="1.0" encoding="utf-8"?>
<Project ToolsVersion="4.0" xmlns="http://schemas.microsoft.com/developer/msbuild/2003">
  <ItemGroup>
    <Filter Include="Source Files">
      <UniqueIdentifier>{4FC737F1-C7A5-4376-A066-2A32D752A2FF}</UniqueIdentifier>
      <Extensions>cpp;c;cc;cxx;def;odl;idl;hpj;bat;asm;asmx</Extensions>
    </Filter>
    <Filter Include="Header Files">
      <UniqueIdentifier>{93995380-89BD-4b04-88EB-625FBE52EBFB}</UniqueIdentifier>
      <Extensions>h;hh;hpp;hxx;hm;inl;inc;ipp;xsd</Extensions>
    </Filter>
    <Filter Include="Resource Files">
      <UniqueIdentifier>{67DA6AB6-F800-4c08-8B7A-83BB121AAD01}</UniqueIdentifier>
      <Extensions>rc;ico;cur;bmp;dlg;rc2;rct;bin;rgs;gif;jpg;jpeg;jpe;resx;tiff;tif;png;wav;mfcribbon-ms</Extensions>
    </Filter>
  </ItemGroup>
  <ItemGroup>
    <ClInclude Include="framework.h">
      <Filter>Header Files</Filter>
    </ClInclude>
    <ClInclude Include="pch.h">
      <Filter>Header Files</Filter>
    </ClInclude>
    <ClInclude Include="Application.h">
      <Filter>Header Files</Filter>
    </ClInclude>
    <ClInclude Include="ButtonControl.h">
      <Filter>Header Files</Filter>
    </ClInclude>
    <ClInclude Include="FileRequestorControl.h">
      <Filter>Header Files</Filter>
    </ClInclude>
    <ClInclude Include="FrameBufferControl.h">
      <Filter>Header Files</Filter>
    </ClInclude>
    <ClInclude Include="FXImageDraw.h">
      <Filter>Header Files</Filter>
    </ClInclude>
    <ClInclude Include="HorizontalSplitterControl.h">
      <Filter>Header Files</Filter>
    </ClInclude>
    <ClInclude Include="IDraw.h">
      <Filter>Header Files</Filter>
    </ClInclude>
    <ClInclude Include="ImageControl.h">
      <Filter>Header Files</Filter>
    </ClInclude>
    <ClInclude Include="kEffect.h">
      <Filter>Header Files</Filter>
    </ClInclude>
    <ClInclude Include="kFont.h">
      <Filter>Header Files</Filter>
    </ClInclude>
    <ClInclude Include="kFrameBuffer.h">
      <Filter>Header Files</Filter>
    </ClInclude>
    <ClInclude Include="ListControl.h">
      <Filter>Header Files</Filter>
    </ClInclude>
    <ClInclude Include="MainMenuControl.h">
      <Filter>Header Files</Filter>
    </ClInclude>
    <ClInclude Include="Map.h">
      <Filter>Header Files</Filter>
    </ClInclude>
    <ClInclude Include="MapEditControl.h">
      <Filter>Header Files</Filter>
    </ClInclude>
    <ClInclude Include="MapTile.h">
      <Filter>Header Files</Filter>
    </ClInclude>
    <ClInclude Include="stb_image.h">
      <Filter>Header Files</Filter>
    </ClInclude>
    <ClInclude Include="stb_truetype.h">
      <Filter>Header Files</Filter>
    </ClInclude>
    <ClInclude Include="Texture2D.h">
      <Filter>Header Files</Filter>
    </ClInclude>
    <ClInclude Include="tinydir.h">
      <Filter>Header Files</Filter>
    </ClInclude>
    <ClInclude Include="UI.h">
      <Filter>Header Files</Filter>
    </ClInclude>
    <ClInclude Include="UIControl.h">
      <Filter>Header Files</Filter>
    </ClInclude>
    <ClInclude Include="UIEvent.h">
      <Filter>Header Files</Filter>
    </ClInclude>
    <ClInclude Include="UIEventClick.h">
      <Filter>Header Files</Filter>
    </ClInclude>
    <ClInclude Include="UIFont.h">
      <Filter>Header Files</Filter>
    </ClInclude>
    <ClInclude Include="UITheme.h">
      <Filter>Header Files</Filter>
    </ClInclude>
    <ClInclude Include="UITheme_Neon.h">
      <Filter>Header Files</Filter>
    </ClInclude>
    <ClInclude Include="Utils.h">
      <Filter>Header Files</Filter>
    </ClInclude>
    <ClInclude Include="VerticalSplitterControl.h">
      <Filter>Header Files</Filter>
    </ClInclude>
    <ClInclude Include="WindowControl.h">
      <Filter>Header Files</Filter>
    </ClInclude>
  </ItemGroup>
  <ItemGroup>
    <ClCompile Include="TrinityEngine.cpp">
      <Filter>Source Files</Filter>
    </ClCompile>
    <ClCompile Include="pch.cpp">
      <Filter>Source Files</Filter>
    </ClCompile>
    <ClCompile Include="Application.cpp">
      <Filter>Source Files</Filter>
    </ClCompile>
    <ClCompile Include="ButtonControl.cpp">
      <Filter>Source Files</Filter>
    </ClCompile>
    <ClCompile Include="FileRequestorControl.cpp">
      <Filter>Source Files</Filter>
    </ClCompile>
    <ClCompile Include="FrameBufferControl.cpp">
      <Filter>Source Files</Filter>
    </ClCompile>
    <ClCompile Include="FXImageDraw.cpp">
      <Filter>Source Files</Filter>
    </ClCompile>
    <ClCompile Include="HorizontalSplitterControl.cpp">
      <Filter>Source Files</Filter>
    </ClCompile>
    <ClCompile Include="IDraw.cpp">
      <Filter>Source Files</Filter>
    </ClCompile>
    <ClCompile Include="ImageControl.cpp">
      <Filter>Source Files</Filter>
    </ClCompile>
    <ClCompile Include="kEffect.cpp">
      <Filter>Source Files</Filter>
    </ClCompile>
    <ClCompile Include="kFont.cpp">
      <Filter>Source Files</Filter>
    </ClCompile>
    <ClCompile Include="kFrameBuffer.cpp">
      <Filter>Source Files</Filter>
    </ClCompile>
    <ClCompile Include="ListControl.cpp">
      <Filter>Source Files</Filter>
    </ClCompile>
    <ClCompile Include="MainMenuControl.cpp">
      <Filter>Source Files</Filter>
    </ClCompile>
    <ClCompile Include="Map.cpp">
      <Filter>Source Files</Filter>
    </ClCompile>
    <ClCompile Include="MapEditControl.cpp">
      <Filter>Source Files</Filter>
    </ClCompile>
    <ClCompile Include="MapTile.cpp">
      <Filter>Source Files</Filter>
    </ClCompile>
    <ClCompile Include="Texture2D.cpp">
      <Filter>Source Files</Filter>
    </ClCompile>
    <ClCompile Include="UI.cpp">
      <Filter>Source Files</Filter>
    </ClCompile>
    <ClCompile Include="UIControl.cpp">
      <Filter>Source Files</Filter>
    </ClCompile>
    <ClCompile Include="UIEvent.cpp">
      <Filter>Source Files</Filter>
    </ClCompile>
    <ClCompile Include="UIEventClick.cpp">
      <Filter>Source Files</Filter>
    </ClCompile>
    <ClCompile Include="UIFont.cpp">
      <Filter>Source Files</Filter>
    </ClCompile>
    <ClCompile Include="UITheme.cpp">
      <Filter>Source Files</Filter>
    </ClCompile>
    <ClCompile Include="UITheme_Neon.cpp">
      <Filter>Source Files</Filter>
    </ClCompile>
    <ClCompile Include="Utils.cpp">
      <Filter>Source Files</Filter>
    </ClCompile>
    <ClCompile Include="VerticalSplitterControl.cpp">
      <Filter>Source Files</Filter>
    </ClCompile>
    <ClCompile Include="WindowControl.cpp">
      <Filter>Source Files</Filter>
    </ClCompile>
  </ItemGroup>
</Project>