<?xml version="1.0" encoding="utf-8"?>
<Project ToolsVersion="4.0" xmlns="http://schemas.microsoft.com/developer/msbuild/2003">
  <ItemGroup>
    <Filter Include="Source Files">
      <UniqueIdentifier>{4FC737F1-C7A5-4376-A066-2A32D752A2FF}</UniqueIdentifier>
      <Extensions>cpp;c;cc;cxx;c++;def;odl;idl;hpj;bat;asm;asmx</Extensions>
    </Filter>
    <Filter Include="Header Files">
      <UniqueIdentifier>{93995380-89BD-4b04-88EB-625FBE52EBFB}</UniqueIdentifier>
      <Extensions>h;hh;hpp;hxx;h++;hm;inl;inc;ipp;xsd</Extensions>
    </Filter>
    <Filter Include="Resource Files">
      <UniqueIdentifier>{67DA6AB6-F800-4c08-8B7A-83BB121AAD01}</UniqueIdentifier>
      <Extensions>rc;ico;cur;bmp;dlg;rc2;rct;bin;rgs;gif;jpg;jpeg;jpe;resx;tiff;tif;png;wav;mfcribbon-ms</Extensions>
    </Filter>
    <Filter Include="Header Files\Draw">
      <UniqueIdentifier>{646d3250-1fb0-4226-8fec-31a7d283c76d}</UniqueIdentifier>
    </Filter>
    <Filter Include="Source Files\Draw">
      <UniqueIdentifier>{e67b6a77-c0af-42a9-a7af-8d10fcafaa02}</UniqueIdentifier>
    </Filter>
    <Filter Include="Header Files\App">
      <UniqueIdentifier>{514da2d3-d4ff-4519-b58a-d93736a2ea82}</UniqueIdentifier>
    </Filter>
    <Filter Include="Source Files\App">
      <UniqueIdentifier>{1620b387-9ac4-4366-b93e-e06b321d6ed8}</UniqueIdentifier>
    </Filter>
    <Filter Include="Header Files\Effect">
      <UniqueIdentifier>{36e86141-7e0b-45eb-b61a-cf0e0e0bea76}</UniqueIdentifier>
    </Filter>
    <Filter Include="Source Files\Effect">
      <UniqueIdentifier>{634e607d-1418-410e-8c4c-b034a9a86994}</UniqueIdentifier>
    </Filter>
    <Filter Include="Header Files\Texture">
      <UniqueIdentifier>{9cd48de9-03ed-4476-8a3d-3ae74788a607}</UniqueIdentifier>
    </Filter>
    <Filter Include="Source Files\Texture">
      <UniqueIdentifier>{58c5a0f9-3750-40fe-b244-889b31756ce3}</UniqueIdentifier>
    </Filter>
    <Filter Include="Header Files\Util">
      <UniqueIdentifier>{78ecf1de-c8db-490d-8601-45702d4e0366}</UniqueIdentifier>
    </Filter>
    <Filter Include="Source Files\Util">
      <UniqueIdentifier>{ce0fd4f7-059c-4d60-9dfc-ef1c2dae071a}</UniqueIdentifier>
    </Filter>
    <Filter Include="Header Files\UI">
      <UniqueIdentifier>{9edb335b-670f-4831-9b78-29bb16985dc2}</UniqueIdentifier>
    </Filter>
    <Filter Include="Source Files\UI">
      <UniqueIdentifier>{ce85f091-eba0-4c9f-99f7-302e4daf4892}</UniqueIdentifier>
    </Filter>
    <Filter Include="Header Files\UI\Events">
      <UniqueIdentifier>{4da329bc-9475-4de1-a00c-0a7dee0a38b4}</UniqueIdentifier>
    </Filter>
    <Filter Include="Header Files\NewFilter1">
      <UniqueIdentifier>{934ad13d-0b84-40e3-97a9-7b9513096954}</UniqueIdentifier>
    </Filter>
    <Filter Include="Header Files\UI\Controls">
      <UniqueIdentifier>{8930f5ac-e034-48bc-90ab-3cf7e96ca9f7}</UniqueIdentifier>
    </Filter>
    <Filter Include="Source Files\UI\Controls">
      <UniqueIdentifier>{eb791c6d-892d-423b-8a0d-6c5b5a6d30f5}</UniqueIdentifier>
    </Filter>
    <Filter Include="Header Files\UI\Themes">
      <UniqueIdentifier>{1061d98c-62f9-434b-b4a2-d2f37a07d1d0}</UniqueIdentifier>
    </Filter>
    <Filter Include="Source Files\UI\Themes">
      <UniqueIdentifier>{e816c371-f5ab-4f8d-a919-e722766f9537}</UniqueIdentifier>
    </Filter>
    <Filter Include="Header Files\Font">
      <UniqueIdentifier>{4398da44-4e19-442d-abc6-a1867c27b81b}</UniqueIdentifier>
    </Filter>
    <Filter Include="Source Files\Font">
      <UniqueIdentifier>{ab37cb03-4bc2-43f2-b20d-ac2ce4234957}</UniqueIdentifier>
    </Filter>
  </ItemGroup>
  <ItemGroup>
    <ClInclude Include="framework.h">
      <Filter>Header Files</Filter>
    </ClInclude>
    <ClInclude Include="pch.h">
      <Filter>Header Files</Filter>
    </ClInclude>
    <ClInclude Include="stb_image.h">
      <Filter>Header Files</Filter>
    </ClInclude>
    <ClInclude Include="IDraw.h">
      <Filter>Header Files\Draw</Filter>
    </ClInclude>
    <ClInclude Include="FXImageDraw.h">
      <Filter>Header Files\Draw</Filter>
    </ClInclude>
    <ClInclude Include="Application.h">
      <Filter>Header Files\App</Filter>
    </ClInclude>
    <ClInclude Include="kEffect.h">
      <Filter>Header Files\Effect</Filter>
    </ClInclude>
    <ClInclude Include="Texture2D.h">
      <Filter>Header Files\Texture</Filter>
    </ClInclude>
    <ClInclude Include="Utils.h">
      <Filter>Header Files\Util</Filter>
    </ClInclude>
    <ClInclude Include="UI.h">
      <Filter>Header Files\UI</Filter>
    </ClInclude>
    <ClInclude Include="UIControl.h">
      <Filter>Header Files\UI</Filter>
    </ClInclude>
    <ClInclude Include="UIEvent.h">
      <Filter>Header Files\UI</Filter>
    </ClInclude>
    <ClInclude Include="UIEventClick.h">
      <Filter>Header Files</Filter>
    </ClInclude>
    <ClInclude Include="ButtonControl.h">
      <Filter>Header Files\UI\Controls</Filter>
    </ClInclude>
    <ClInclude Include="UITheme.h">
      <Filter>Header Files\UI</Filter>
    </ClInclude>
    <ClInclude Include="UITheme_Neon.h">
      <Filter>Header Files\UI\Themes</Filter>
    </ClInclude>
    <ClInclude Include="stb_truetype.h">
      <Filter>Header Files</Filter>
    </ClInclude>
    <ClInclude Include="UIFont.h">
      <Filter>Header Files</Filter>
    </ClInclude>
    <ClInclude Include="kFont.h">
      <Filter>Header Files\Font</Filter>
    </ClInclude>
    <ClInclude Include="WindowControl.h">
      <Filter>Header Files\UI\Controls</Filter>
    </ClInclude>
    <ClInclude Include="ImageControl.h">
      <Filter>Header Files</Filter>
    </ClInclude>
    <ClInclude Include="HorizontalSplitterControl.h">
      <Filter>Header Files</Filter>
    </ClInclude>
  </ItemGroup>
  <ItemGroup>
    <ClCompile Include="TrinityEngine.cpp">
      <Filter>Source Files</Filter>
    </ClCompile>
    <ClCompile Include="pch.cpp">
      <Filter>Source Files</Filter>
    </ClCompile>
    <ClCompile Include="IDraw.cpp">
      <Filter>Source Files\Draw</Filter>
    </ClCompile>
    <ClCompile Include="FXImageDraw.cpp">
      <Filter>Source Files\Draw</Filter>
    </ClCompile>
    <ClCompile Include="Application.cpp">
      <Filter>Source Files\App</Filter>
    </ClCompile>
    <ClCompile Include="kEffect.cpp">
      <Filter>Source Files\Effect</Filter>
    </ClCompile>
    <ClCompile Include="Texture2D.cpp">
      <Filter>Source Files\Texture</Filter>
    </ClCompile>
    <ClCompile Include="Utils.cpp">
      <Filter>Source Files\Util</Filter>
    </ClCompile>
    <ClCompile Include="UI.cpp">
      <Filter>Source Files\UI</Filter>
    </ClCompile>
    <ClCompile Include="UIControl.cpp">
      <Filter>Source Files\UI</Filter>
    </ClCompile>
    <ClCompile Include="UIEvent.cpp">
      <Filter>Source Files\UI</Filter>
    </ClCompile>
    <ClCompile Include="UIEventClick.cpp">
      <Filter>Source Files</Filter>
    </ClCompile>
    <ClCompile Include="ButtonControl.cpp">
      <Filter>Source Files\UI\Controls</Filter>
    </ClCompile>
    <ClCompile Include="UITheme.cpp">
      <Filter>Source Files\UI</Filter>
    </ClCompile>
    <ClCompile Include="UITheme_Neon.cpp">
      <Filter>Source Files\UI\Themes</Filter>
    </ClCompile>
    <ClCompile Include="UIFont.cpp">
      <Filter>Source Files</Filter>
    </ClCompile>
    <ClCompile Include="kFont.cpp">
      <Filter>Source Files\Font</Filter>
    </ClCompile>
    <ClCompile Include="WindowControl.cpp">
      <Filter>Source Files\UI\Controls</Filter>
    </ClCompile>
    <ClCompile Include="ImageControl.cpp">
      <Filter>Source Files</Filter>
    </ClCompile>
    <ClCompile Include="HorizontalSplitterControl.cpp">
      <Filter>Source Files</Filter>
    </ClCompile>
  </ItemGroup>
</Project>